// !$*UTF8*$!
{
	archiveVersion = 1;
	classes = {
	};
	objectVersion = 46;
	objects = {

/* Begin PBXBuildFile section */
		5211A2792069607A001AC15B /* AppDelegate.swift in Sources */ = {isa = PBXBuildFile; fileRef = 5211A2782069607A001AC15B /* AppDelegate.swift */; };
		5211A27B2069607A001AC15B /* Assets.xcassets in Resources */ = {isa = PBXBuildFile; fileRef = 5211A27A2069607A001AC15B /* Assets.xcassets */; };
		5211A27E2069607A001AC15B /* MainMenu.xib in Resources */ = {isa = PBXBuildFile; fileRef = 5211A27C2069607A001AC15B /* MainMenu.xib */; };
		5211A2872069613B001AC15B /* MasterViewController.swift in Sources */ = {isa = PBXBuildFile; fileRef = 5211A2852069613B001AC15B /* MasterViewController.swift */; settings = {ASSET_TAGS = (); }; };
		5211A2882069613B001AC15B /* MasterViewController.xib in Resources */ = {isa = PBXBuildFile; fileRef = 5211A2862069613B001AC15B /* MasterViewController.xib */; settings = {ASSET_TAGS = (); }; };
/* End PBXBuildFile section */

/* Begin PBXFileReference section */
		5211A2752069607A001AC15B /* Deadline Tracker.app */ = {isa = PBXFileReference; explicitFileType = wrapper.application; includeInIndex = 0; path = "Deadline Tracker.app"; sourceTree = BUILT_PRODUCTS_DIR; };
		5211A2782069607A001AC15B /* AppDelegate.swift */ = {isa = PBXFileReference; lastKnownFileType = sourcecode.swift; path = AppDelegate.swift; sourceTree = "<group>"; };
		5211A27A2069607A001AC15B /* Assets.xcassets */ = {isa = PBXFileReference; lastKnownFileType = folder.assetcatalog; path = Assets.xcassets; sourceTree = "<group>"; };
		5211A27D2069607A001AC15B /* Base */ = {isa = PBXFileReference; lastKnownFileType = file.xib; name = Base; path = Base.lproj/MainMenu.xib; sourceTree = "<group>"; };
		5211A27F2069607A001AC15B /* Info.plist */ = {isa = PBXFileReference; lastKnownFileType = text.plist.xml; path = Info.plist; sourceTree = "<group>"; };
		5211A2852069613B001AC15B /* MasterViewController.swift */ = {isa = PBXFileReference; fileEncoding = 4; lastKnownFileType = sourcecode.swift; name = MasterViewController.swift; path = ../MasterViewController.swift; sourceTree = "<group>"; };
		5211A2862069613B001AC15B /* MasterViewController.xib */ = {isa = PBXFileReference; fileEncoding = 4; lastKnownFileType = file.xib; name = MasterViewController.xib; path = ../MasterViewController.xib; sourceTree = "<group>"; };
/* End PBXFileReference section */

/* Begin PBXFrameworksBuildPhase section */
		5211A2722069607A001AC15B /* Frameworks */ = {
			isa = PBXFrameworksBuildPhase;
			buildActionMask = 2147483647;
			files = (
			);
			runOnlyForDeploymentPostprocessing = 0;
		};
/* End PBXFrameworksBuildPhase section */

/* Begin PBXGroup section */
		5211A26C2069607A001AC15B = {
			isa = PBXGroup;
			children = (
				5211A2772069607A001AC15B /* Deadline Tracker */,
				5211A2762069607A001AC15B /* Products */,
			);
			sourceTree = "<group>";
		};
		5211A2762069607A001AC15B /* Products */ = {
			isa = PBXGroup;
			children = (
				5211A2752069607A001AC15B /* Deadline Tracker.app */,
			);
			name = Products;
			sourceTree = "<group>";
		};
		5211A2772069607A001AC15B /* Deadline Tracker */ = {
			isa = PBXGroup;
			children = (
				5211A2852069613B001AC15B /* MasterViewController.swift */,
				5211A2862069613B001AC15B /* MasterViewController.xib */,
				5211A2782069607A001AC15B /* AppDelegate.swift */,
				5211A27A2069607A001AC15B /* Assets.xcassets */,
				5211A27C2069607A001AC15B /* MainMenu.xib */,
				5211A27F2069607A001AC15B /* Info.plist */,
			);
			path = "Deadline Tracker";
			sourceTree = "<group>";
		};
/* End PBXGroup section */

/* Begin PBXNativeTarget section */
		5211A2742069607A001AC15B /* Deadline Tracker */ = {
			isa = PBXNativeTarget;
			buildConfigurationList = 5211A2822069607A001AC15B /* Build configuration list for PBXNativeTarget "Deadline Tracker" */;
			buildPhases = (
				5211A2712069607A001AC15B /* Sources */,
				5211A2722069607A001AC15B /* Frameworks */,
				5211A2732069607A001AC15B /* Resources */,
			);
			buildRules = (
			);
			dependencies = (
			);
			name = "Deadline Tracker";
			productName = "Deadline Tracker";
			productReference = 5211A2752069607A001AC15B /* Deadline Tracker.app */;
			productType = "com.apple.product-type.application";
		};
/* End PBXNativeTarget section */

/* Begin PBXProject section */
		5211A26D2069607A001AC15B /* Project object */ = {
			isa = PBXProject;
			attributes = {
				LastUpgradeCheck = 0700;
				ORGANIZATIONNAME = iNa;
				TargetAttributes = {
					5211A2742069607A001AC15B = {
						CreatedOnToolsVersion = 7.0;
					};
				};
			};
			buildConfigurationList = 5211A2702069607A001AC15B /* Build configuration list for PBXProject "Deadline Tracker" */;
			compatibilityVersion = "Xcode 3.2";
			developmentRegion = English;
			hasScannedForEncodings = 0;
			knownRegions = (
				en,
				Base,
			);
			mainGroup = 5211A26C2069607A001AC15B;
			productRefGroup = 5211A2762069607A001AC15B /* Products */;
			projectDirPath = "";
			projectRoot = "";
			targets = (
				5211A2742069607A001AC15B /* Deadline Tracker */,
			);
		};
/* End PBXProject section */

/* Begin PBXResourcesBuildPhase section */
		5211A2732069607A001AC15B /* Resources */ = {
			isa = PBXResourcesBuildPhase;
			buildActionMask = 2147483647;
			files = (
				5211A27B2069607A001AC15B /* Assets.xcassets in Resources */,
				5211A27E2069607A001AC15B /* MainMenu.xib in Resources */,
				5211A2882069613B001AC15B /* MasterViewController.xib in Resources */,
			);
			runOnlyForDeploymentPostprocessing = 0;
		};
/* End PBXResourcesBuildPhase section */

/* Begin PBXSourcesBuildPhase section */
		5211A2712069607A001AC15B /* Sources */ = {
			isa = PBXSourcesBuildPhase;
			buildActionMask = 2147483647;
			files = (
				5211A2872069613B001AC15B /* MasterViewController.swift in Sources */,
				5211A2792069607A001AC15B /* AppDelegate.swift in Sources */,
			);
			runOnlyForDeploymentPostprocessing = 0;
		};
/* End PBXSourcesBuildPhase section */

/* Begin PBXVariantGroup section */
		5211A27C2069607A001AC15B /* MainMenu.xib */ = {
			isa = PBXVariantGroup;
			children = (
				5211A27D2069607A001AC15B /* Base */,
			);
			name = MainMenu.xib;
			sourceTree = "<group>";
		};
/* End PBXVariantGroup section */

/* Begin XCBuildConfiguration section */
		5211A2802069607A001AC15B /* Debug */ = {
			isa = XCBuildConfiguration;
			buildSettings = {
				ALWAYS_SEARCH_USER_PATHS = NO;
				CLANG_CXX_LANGUAGE_STANDARD = "gnu++0x";
				CLANG_CXX_LIBRARY = "libc++";
				CLANG_ENABLE_MODULES = YES;
				CLANG_ENABLE_OBJC_ARC = YES;
				CLANG_WARN_BOOL_CONVERSION = YES;
				CLANG_WARN_CONSTANT_CONVERSION = YES;
				CLANG_WARN_DIRECT_OBJC_ISA_USAGE = YES_ERROR;
				CLANG_WARN_EMPTY_BODY = YES;
				CLANG_WARN_ENUM_CONVERSION = YES;
				CLANG_WARN_INT_CONVERSION = YES;
				CLANG_WARN_OBJC_ROOT_CLASS = YES_ERROR;
				CLANG_WARN_UNREACHABLE_CODE = YES;
				CLANG_WARN__DUPLICATE_METHOD_MATCH = YES;
				CODE_SIGN_IDENTITY = "-";
				COPY_PHASE_STRIP = NO;
				DEBUG_INFORMATION_FORMAT = dwarf;
				ENABLE_STRICT_OBJC_MSGSEND = YES;
				ENABLE_TESTABILITY = YES;
				GCC_C_LANGUAGE_STANDARD = gnu99;
				GCC_DYNAMIC_NO_PIC = NO;
				GCC_NO_COMMON_BLOCKS = YES;
				GCC_OPTIMIZATION_LEVEL = 0;
				GCC_PREPROCESSOR_DEFINITIONS = (
					"DEBUG=1",
					"$(inherited)",
				);
				GCC_WARN_64_TO_32_BIT_CONVERSION = YES;
				GCC_WARN_ABOUT_RETURN_TYPE = YES_ERROR;
				GCC_WARN_UNDECLARED_SELECTOR = YES;
				GCC_WARN_UNINITIALIZED_AUTOS = YES_AGGRESSIVE;
				GCC_WARN_UNUSED_FUNCTION = YES;
				GCC_WARN_UNUSED_VARIABLE = YES;
				MACOSX_DEPLOYMENT_TARGET = 10.11;
				MTL_ENABLE_DEBUG_INFO = YES;
				ONLY_ACTIVE_ARCH = YES;
				SDKROOT = macosx;
				SWIFT_OPTIMIZATION_LEVEL = "-Onone";
			};
			name = Debug;
		};
		5211A2812069607A001AC15B /* Release */ = {
			isa = XCBuildConfiguration;
			buildSettings = {
				ALWAYS_SEARCH_USER_PATHS = NO;
				CLANG_CXX_LANGUAGE_STANDARD = "gnu++0x";
				CLANG_CXX_LIBRARY = "libc++";
				CLANG_ENABLE_MODULES = YES;
				CLANG_ENABLE_OBJC_ARC = YES;
				CLANG_WARN_BOOL_CONVERSION = YES;
				CLANG_WARN_CONSTANT_CONVERSION = YES;
				CLANG_WARN_DIRECT_OBJC_ISA_USAGE = YES_ERROR;
				CLANG_WARN_EMPTY_BODY = YES;
				CLANG_WARN_ENUM_CONVERSION = YES;
				CLANG_WARN_INT_CONVERSION = YES;
				CLANG_WARN_OBJC_ROOT_CLASS = YES_ERROR;
				CLANG_WARN_UNREACHABLE_CODE = YES;
				CLANG_WARN__DUPLICATE_METHOD_MATCH = YES;
				CODE_SIGN_IDENTITY = "-";
				COPY_PHASE_STRIP = NO;
				DEBUG_INFORMATION_FORMAT = "dwarf-with-dsym";
				ENABLE_NS_ASSERTIONS = NO;
				ENABLE_STRICT_OBJC_MSGSEND = YES;
				GCC_C_LANGUAGE_STANDARD = gnu99;
				GCC_NO_COMMON_BLOCKS = YES;
				GCC_WARN_64_TO_32_BIT_CONVERSION = YES;
				GCC_WARN_ABOUT_RETURN_TYPE = YES_ERROR;
				GCC_WARN_UNDECLARED_SELECTOR = YES;
				GCC_WARN_UNINITIALIZED_AUTOS = YES_AGGRESSIVE;
				GCC_WARN_UNUSED_FUNCTION = YES;
				GCC_WARN_UNUSED_VARIABLE = YES;
				MACOSX_DEPLOYMENT_TARGET = 10.11;
				MTL_ENABLE_DEBUG_INFO = NO;
				SDKROOT = macosx;
			};
			name = Release;
		};
		5211A2832069607A001AC15B /* Debug */ = {
			isa = XCBuildConfiguration;
			buildSettings = {
				ASSETCATALOG_COMPILER_APPICON_NAME = AppIcon;
				COMBINE_HIDPI_IMAGES = YES;
				INFOPLIST_FILE = "Deadline Tracker/Info.plist";
				LD_RUNPATH_SEARCH_PATHS = "$(inherited) @executable_path/../Frameworks";
				PRODUCT_BUNDLE_IDENTIFIER = "NA.Deadline-Tracker";
				PRODUCT_NAME = "$(TARGET_NAME)";
			};
			name = Debug;
		};
		5211A2842069607A001AC15B /* Release */ = {
			isa = XCBuildConfiguration;
			buildSettings = {
				ASSETCATALOG_COMPILER_APPICON_NAME = AppIcon;
				COMBINE_HIDPI_IMAGES = YES;
				INFOPLIST_FILE = "Deadline Tracker/Info.plist";
				LD_RUNPATH_SEARCH_PATHS = "$(inherited) @executable_path/../Frameworks";
				PRODUCT_BUNDLE_IDENTIFIER = "NA.Deadline-Tracker";
				PRODUCT_NAME = "$(TARGET_NAME)";
			};
			name = Release;
		};
/* End XCBuildConfiguration section */

/* Begin XCConfigurationList section */
		5211A2702069607A001AC15B /* Build configuration list for PBXProject "Deadline Tracker" */ = {
			isa = XCConfigurationList;
			buildConfigurations = (
				5211A2802069607A001AC15B /* Debug */,
				5211A2812069607A001AC15B /* Release */,
			);
			defaultConfigurationIsVisible = 0;
			defaultConfigurationName = Release;
		};
		5211A2822069607A001AC15B /* Build configuration list for PBXNativeTarget "Deadline Tracker" */ = {
			isa = XCConfigurationList;
			buildConfigurations = (
				5211A2832069607A001AC15B /* Debug */,
				5211A2842069607A001AC15B /* Release */,
			);
			defaultConfigurationIsVisible = 0;
		};
/* End XCConfigurationList section */
	};
	rootObject = 5211A26D2069607A001AC15B /* Project object */;
}
